
Microsoft Visual Studio Solution File, Format Version 12.00
# Visual Studio Version 17
VisualStudioVersion = 17.5.33424.131
MinimumVisualStudioVersion = 10.0.40219.1
Project("{FAE04EC0-301F-11D3-BF4B-00C04F79EFBC}") = "ICE TASK ONE", "ICE TASK ONE\ICE TASK ONE.csproj", "{6BB03B24-572E-42F0-94A5-51F24F99C079}"
EndProject
Global
	GlobalSection(SolutionConfigurationPlatforms) = preSolution
		Debug|Any CPU = Debug|Any CPU
		Release|Any CPU = Release|Any CPU
	EndGlobalSection
	GlobalSection(ProjectConfigurationPlatforms) = postSolution
		{6BB03B24-572E-42F0-94A5-51F24F99C079}.Debug|Any CPU.ActiveCfg = Debug|Any CPU
		{6BB03B24-572E-42F0-94A5-51F24F99C079}.Debug|Any CPU.Build.0 = Debug|Any CPU
		{6BB03B24-572E-42F0-94A5-51F24F99C079}.Release|Any CPU.ActiveCfg = Release|Any CPU
		{6BB03B24-572E-42F0-94A5-51F24F99C079}.Release|Any CPU.Build.0 = Release|Any CPU
	EndGlobalSection
	GlobalSection(SolutionProperties) = preSolution
		HideSolutionNode = FALSE
	EndGlobalSection
	GlobalSection(ExtensibilityGlobals) = postSolution
		SolutionGuid = {EABE4199-F55B-4220-8B75-FEC7E47082CE}
	EndGlobalSection
EndGlobal
